// !$*UTF8*$!
{
	archiveVersion = 1;
	classes = {
	};
	objectVersion = 56;
	objects = {

/* Begin PBXBuildFile section */
		40406AA72A8757F900F3AD23 /* HomeEntity.swift in Sources */ = {isa = PBXBuildFile; fileRef = 40406AA62A8757F900F3AD23 /* HomeEntity.swift */; };
		40406AAC2A8B1F4D00F3AD23 /* HomeExternalDataManager.swift in Sources */ = {isa = PBXBuildFile; fileRef = 40406AAB2A8B1F4D00F3AD23 /* HomeExternalDataManager.swift */; };
		40406AAE2A8B1F7800F3AD23 /* HomeInternalDataManager.swift in Sources */ = {isa = PBXBuildFile; fileRef = 40406AAD2A8B1F7800F3AD23 /* HomeInternalDataManager.swift */; };
		40BE938F2A83F0820081BFDA /* AppDelegate.swift in Sources */ = {isa = PBXBuildFile; fileRef = 40BE938E2A83F0820081BFDA /* AppDelegate.swift */; };
		40BE93912A83F0820081BFDA /* SceneDelegate.swift in Sources */ = {isa = PBXBuildFile; fileRef = 40BE93902A83F0820081BFDA /* SceneDelegate.swift */; };
		40BE93932A83F0820081BFDA /* ViewController.swift in Sources */ = {isa = PBXBuildFile; fileRef = 40BE93922A83F0820081BFDA /* ViewController.swift */; };
		40BE93962A83F0820081BFDA /* Main.storyboard in Resources */ = {isa = PBXBuildFile; fileRef = 40BE93942A83F0820081BFDA /* Main.storyboard */; };
		40BE93982A83F0830081BFDA /* Assets.xcassets in Resources */ = {isa = PBXBuildFile; fileRef = 40BE93972A83F0830081BFDA /* Assets.xcassets */; };
		40BE939B2A83F0830081BFDA /* LaunchScreen.storyboard in Resources */ = {isa = PBXBuildFile; fileRef = 40BE93992A83F0830081BFDA /* LaunchScreen.storyboard */; };
		40BE93A72A83F0F80081BFDA /* BaseViewController.swift in Sources */ = {isa = PBXBuildFile; fileRef = 40BE93A62A83F0F80081BFDA /* BaseViewController.swift */; };
		40BE93BF2A84172E0081BFDA /* HomeProtocols.swift in Sources */ = {isa = PBXBuildFile; fileRef = 40BE93BE2A84172E0081BFDA /* HomeProtocols.swift */; };
		40BE93C22A84176B0081BFDA /* HomeViewController.swift in Sources */ = {isa = PBXBuildFile; fileRef = 40BE93C02A84176B0081BFDA /* HomeViewController.swift */; };
		40BE93C32A84176B0081BFDA /* HomeViewController.xib in Resources */ = {isa = PBXBuildFile; fileRef = 40BE93C12A84176B0081BFDA /* HomeViewController.xib */; };
		40BE93C92A8424CC0081BFDA /* HomeInteractor.swift in Sources */ = {isa = PBXBuildFile; fileRef = 40BE93C82A8424CC0081BFDA /* HomeInteractor.swift */; };
		40BE93CB2A8424DB0081BFDA /* HomePresenter.swift in Sources */ = {isa = PBXBuildFile; fileRef = 40BE93CA2A8424DB0081BFDA /* HomePresenter.swift */; };
		40BE93CE2A8424F40081BFDA /* HomeRouter.swift in Sources */ = {isa = PBXBuildFile; fileRef = 40BE93CD2A8424F40081BFDA /* HomeRouter.swift */; };
		40BE93D12A8427C30081BFDA /* HomeCollectionViewCell.swift in Sources */ = {isa = PBXBuildFile; fileRef = 40BE93CF2A8427C30081BFDA /* HomeCollectionViewCell.swift */; };
		40BE93D22A8427C30081BFDA /* HomeCollectionViewCell.xib in Resources */ = {isa = PBXBuildFile; fileRef = 40BE93D02A8427C30081BFDA /* HomeCollectionViewCell.xib */; };
		40C6BD382A8D3E2600DDAF0B /* StartProtocols.swift in Sources */ = {isa = PBXBuildFile; fileRef = 40C6BD372A8D3E2600DDAF0B /* StartProtocols.swift */; };
		40C6BD3A2A8D3E5600DDAF0B /* StartRouter.swift in Sources */ = {isa = PBXBuildFile; fileRef = 40C6BD392A8D3E5600DDAF0B /* StartRouter.swift */; };
		40C6BD3C2A8D3F5F00DDAF0B /* StartModulePresenter.swift in Sources */ = {isa = PBXBuildFile; fileRef = 40C6BD3B2A8D3F5F00DDAF0B /* StartModulePresenter.swift */; };
		40C6BD3E2A8D3FC700DDAF0B /* StartModuleInteractor.swift in Sources */ = {isa = PBXBuildFile; fileRef = 40C6BD3D2A8D3FC700DDAF0B /* StartModuleInteractor.swift */; };
		40C6BD4B2A8D4C1C00DDAF0B /* StartModuleVC.swift in Sources */ = {isa = PBXBuildFile; fileRef = 40C6BD492A8D4C1C00DDAF0B /* StartModuleVC.swift */; };
		40C6BD4C2A8D4C1C00DDAF0B /* StartModuleVC.xib in Resources */ = {isa = PBXBuildFile; fileRef = 40C6BD4A2A8D4C1C00DDAF0B /* StartModuleVC.xib */; };
		40C6BD532A8D5A7100DDAF0B /* HomeModuleInteractor.swift in Sources */ = {isa = PBXBuildFile; fileRef = 40C6BD522A8D5A7100DDAF0B /* HomeModuleInteractor.swift */; };
		40C6BD552A8D5A8400DDAF0B /* HomeModulePresenter.swift in Sources */ = {isa = PBXBuildFile; fileRef = 40C6BD542A8D5A8400DDAF0B /* HomeModulePresenter.swift */; };
		40C6BD572A8D5A9300DDAF0B /* HomeModuleRouter.swift in Sources */ = {isa = PBXBuildFile; fileRef = 40C6BD562A8D5A9200DDAF0B /* HomeModuleRouter.swift */; };
		40C6BD592A8D5AA500DDAF0B /* HomeModuleEntity.swift in Sources */ = {isa = PBXBuildFile; fileRef = 40C6BD582A8D5AA500DDAF0B /* HomeModuleEntity.swift */; };
		40C6BD5B2A8D5AB500DDAF0B /* HomeModuleProtocols.swift in Sources */ = {isa = PBXBuildFile; fileRef = 40C6BD5A2A8D5AB500DDAF0B /* HomeModuleProtocols.swift */; };
		40C6BD5E2A8D683100DDAF0B /* HomeModuleVC.swift in Sources */ = {isa = PBXBuildFile; fileRef = 40C6BD5C2A8D683100DDAF0B /* HomeModuleVC.swift */; };
		40C6BD5F2A8D683100DDAF0B /* HomeModuleVC.xib in Resources */ = {isa = PBXBuildFile; fileRef = 40C6BD5D2A8D683100DDAF0B /* HomeModuleVC.xib */; };
/* End PBXBuildFile section */

/* Begin PBXFileReference section */
		40406AA62A8757F900F3AD23 /* HomeEntity.swift */ = {isa = PBXFileReference; lastKnownFileType = sourcecode.swift; path = HomeEntity.swift; sourceTree = "<group>"; };
		40406AAB2A8B1F4D00F3AD23 /* HomeExternalDataManager.swift */ = {isa = PBXFileReference; lastKnownFileType = sourcecode.swift; path = HomeExternalDataManager.swift; sourceTree = "<group>"; };
		40406AAD2A8B1F7800F3AD23 /* HomeInternalDataManager.swift */ = {isa = PBXFileReference; lastKnownFileType = sourcecode.swift; path = HomeInternalDataManager.swift; sourceTree = "<group>"; };
		40BE938B2A83F0820081BFDA /* PoKemonApp.app */ = {isa = PBXFileReference; explicitFileType = wrapper.application; includeInIndex = 0; path = PoKemonApp.app; sourceTree = BUILT_PRODUCTS_DIR; };
		40BE938E2A83F0820081BFDA /* AppDelegate.swift */ = {isa = PBXFileReference; lastKnownFileType = sourcecode.swift; path = AppDelegate.swift; sourceTree = "<group>"; };
		40BE93902A83F0820081BFDA /* SceneDelegate.swift */ = {isa = PBXFileReference; lastKnownFileType = sourcecode.swift; path = SceneDelegate.swift; sourceTree = "<group>"; };
		40BE93922A83F0820081BFDA /* ViewController.swift */ = {isa = PBXFileReference; lastKnownFileType = sourcecode.swift; path = ViewController.swift; sourceTree = "<group>"; };
		40BE93952A83F0820081BFDA /* Base */ = {isa = PBXFileReference; lastKnownFileType = file.storyboard; name = Base; path = Base.lproj/Main.storyboard; sourceTree = "<group>"; };
		40BE93972A83F0830081BFDA /* Assets.xcassets */ = {isa = PBXFileReference; lastKnownFileType = folder.assetcatalog; path = Assets.xcassets; sourceTree = "<group>"; };
		40BE939A2A83F0830081BFDA /* Base */ = {isa = PBXFileReference; lastKnownFileType = file.storyboard; name = Base; path = Base.lproj/LaunchScreen.storyboard; sourceTree = "<group>"; };
		40BE939C2A83F0830081BFDA /* Info.plist */ = {isa = PBXFileReference; lastKnownFileType = text.plist.xml; path = Info.plist; sourceTree = "<group>"; };
		40BE93A62A83F0F80081BFDA /* BaseViewController.swift */ = {isa = PBXFileReference; lastKnownFileType = sourcecode.swift; path = BaseViewController.swift; sourceTree = "<group>"; };
		40BE93BE2A84172E0081BFDA /* HomeProtocols.swift */ = {isa = PBXFileReference; lastKnownFileType = sourcecode.swift; path = HomeProtocols.swift; sourceTree = "<group>"; };
		40BE93C02A84176B0081BFDA /* HomeViewController.swift */ = {isa = PBXFileReference; lastKnownFileType = sourcecode.swift; path = HomeViewController.swift; sourceTree = "<group>"; };
		40BE93C12A84176B0081BFDA /* HomeViewController.xib */ = {isa = PBXFileReference; lastKnownFileType = file.xib; path = HomeViewController.xib; sourceTree = "<group>"; };
		40BE93C82A8424CC0081BFDA /* HomeInteractor.swift */ = {isa = PBXFileReference; lastKnownFileType = sourcecode.swift; path = HomeInteractor.swift; sourceTree = "<group>"; };
		40BE93CA2A8424DB0081BFDA /* HomePresenter.swift */ = {isa = PBXFileReference; lastKnownFileType = sourcecode.swift; path = HomePresenter.swift; sourceTree = "<group>"; };
		40BE93CD2A8424F40081BFDA /* HomeRouter.swift */ = {isa = PBXFileReference; lastKnownFileType = sourcecode.swift; path = HomeRouter.swift; sourceTree = "<group>"; };
		40BE93CF2A8427C30081BFDA /* HomeCollectionViewCell.swift */ = {isa = PBXFileReference; lastKnownFileType = sourcecode.swift; path = HomeCollectionViewCell.swift; sourceTree = "<group>"; };
		40BE93D02A8427C30081BFDA /* HomeCollectionViewCell.xib */ = {isa = PBXFileReference; lastKnownFileType = file.xib; path = HomeCollectionViewCell.xib; sourceTree = "<group>"; };
		40C6BD372A8D3E2600DDAF0B /* StartProtocols.swift */ = {isa = PBXFileReference; lastKnownFileType = sourcecode.swift; path = StartProtocols.swift; sourceTree = "<group>"; };
		40C6BD392A8D3E5600DDAF0B /* StartRouter.swift */ = {isa = PBXFileReference; lastKnownFileType = sourcecode.swift; path = StartRouter.swift; sourceTree = "<group>"; };
		40C6BD3B2A8D3F5F00DDAF0B /* StartModulePresenter.swift */ = {isa = PBXFileReference; lastKnownFileType = sourcecode.swift; path = StartModulePresenter.swift; sourceTree = "<group>"; };
		40C6BD3D2A8D3FC700DDAF0B /* StartModuleInteractor.swift */ = {isa = PBXFileReference; lastKnownFileType = sourcecode.swift; path = StartModuleInteractor.swift; sourceTree = "<group>"; };
		40C6BD492A8D4C1C00DDAF0B /* StartModuleVC.swift */ = {isa = PBXFileReference; lastKnownFileType = sourcecode.swift; path = StartModuleVC.swift; sourceTree = "<group>"; };
		40C6BD4A2A8D4C1C00DDAF0B /* StartModuleVC.xib */ = {isa = PBXFileReference; lastKnownFileType = file.xib; path = StartModuleVC.xib; sourceTree = "<group>"; };
		40C6BD522A8D5A7100DDAF0B /* HomeModuleInteractor.swift */ = {isa = PBXFileReference; lastKnownFileType = sourcecode.swift; path = HomeModuleInteractor.swift; sourceTree = "<group>"; };
		40C6BD542A8D5A8400DDAF0B /* HomeModulePresenter.swift */ = {isa = PBXFileReference; lastKnownFileType = sourcecode.swift; path = HomeModulePresenter.swift; sourceTree = "<group>"; };
		40C6BD562A8D5A9200DDAF0B /* HomeModuleRouter.swift */ = {isa = PBXFileReference; lastKnownFileType = sourcecode.swift; path = HomeModuleRouter.swift; sourceTree = "<group>"; };
		40C6BD582A8D5AA500DDAF0B /* HomeModuleEntity.swift */ = {isa = PBXFileReference; lastKnownFileType = sourcecode.swift; path = HomeModuleEntity.swift; sourceTree = "<group>"; };
		40C6BD5A2A8D5AB500DDAF0B /* HomeModuleProtocols.swift */ = {isa = PBXFileReference; lastKnownFileType = sourcecode.swift; path = HomeModuleProtocols.swift; sourceTree = "<group>"; };
		40C6BD5C2A8D683100DDAF0B /* HomeModuleVC.swift */ = {isa = PBXFileReference; lastKnownFileType = sourcecode.swift; path = HomeModuleVC.swift; sourceTree = "<group>"; };
		40C6BD5D2A8D683100DDAF0B /* HomeModuleVC.xib */ = {isa = PBXFileReference; lastKnownFileType = file.xib; path = HomeModuleVC.xib; sourceTree = "<group>"; };
/* End PBXFileReference section */

/* Begin PBXFrameworksBuildPhase section */
		40BE93882A83F0820081BFDA /* Frameworks */ = {
			isa = PBXFrameworksBuildPhase;
			buildActionMask = 2147483647;
			files = (
			);
			runOnlyForDeploymentPostprocessing = 0;
		};
/* End PBXFrameworksBuildPhase section */

/* Begin PBXGroup section */
		40406AA82A8B1F0800F3AD23 /* InternalDataManager */ = {
			isa = PBXGroup;
			children = (
				40406AAD2A8B1F7800F3AD23 /* HomeInternalDataManager.swift */,
			);
			path = InternalDataManager;
			sourceTree = "<group>";
		};
		40406AAA2A8B1F2D00F3AD23 /* ExternalDataManager */ = {
			isa = PBXGroup;
			children = (
				40406AAB2A8B1F4D00F3AD23 /* HomeExternalDataManager.swift */,
			);
			path = ExternalDataManager;
			sourceTree = "<group>";
		};
		40BE93822A83F0820081BFDA = {
			isa = PBXGroup;
			children = (
				40BE938D2A83F0820081BFDA /* PoKemonApp */,
				40BE938C2A83F0820081BFDA /* Products */,
			);
			sourceTree = "<group>";
		};
		40BE938C2A83F0820081BFDA /* Products */ = {
			isa = PBXGroup;
			children = (
				40BE938B2A83F0820081BFDA /* PoKemonApp.app */,
			);
			name = Products;
			sourceTree = "<group>";
		};
		40BE938D2A83F0820081BFDA /* PoKemonApp */ = {
			isa = PBXGroup;
			children = (
				40C6BD4D2A8D5A2900DDAF0B /* HomeModule */,
				40C6BD362A8C89F400DDAF0B /* StartModule */,
				40BE93A22A83F0980081BFDA /* Commons */,
				40BE93A52A83F0BD0081BFDA /* Home */,
				40BE938E2A83F0820081BFDA /* AppDelegate.swift */,
				40BE93902A83F0820081BFDA /* SceneDelegate.swift */,
				40BE93922A83F0820081BFDA /* ViewController.swift */,
				40BE93942A83F0820081BFDA /* Main.storyboard */,
				40BE93972A83F0830081BFDA /* Assets.xcassets */,
				40BE93992A83F0830081BFDA /* LaunchScreen.storyboard */,
				40BE939C2A83F0830081BFDA /* Info.plist */,
			);
			path = PoKemonApp;
			sourceTree = "<group>";
		};
		40BE93A22A83F0980081BFDA /* Commons */ = {
			isa = PBXGroup;
			children = (
				40BE93A62A83F0F80081BFDA /* BaseViewController.swift */,
			);
			path = Commons;
			sourceTree = "<group>";
		};
		40BE93A52A83F0BD0081BFDA /* Home */ = {
			isa = PBXGroup;
			children = (
				40BE93BD2A8416E90081BFDA /* Protocols */,
				40BE93BC2A8416DD0081BFDA /* View */,
				40BE93BB2A8416D40081BFDA /* Interactor */,
				40BE93BA2A8416C30081BFDA /* Presenter */,
				40BE93B92A8416B90081BFDA /* Entity */,
				40BE93B82A8416AC0081BFDA /* Router */,
			);
			path = Home;
			sourceTree = "<group>";
		};
		40BE93B82A8416AC0081BFDA /* Router */ = {
			isa = PBXGroup;
			children = (
				40BE93CD2A8424F40081BFDA /* HomeRouter.swift */,
			);
			path = Router;
			sourceTree = "<group>";
		};
		40BE93B92A8416B90081BFDA /* Entity */ = {
			isa = PBXGroup;
			children = (
				40406AA62A8757F900F3AD23 /* HomeEntity.swift */,
			);
			path = Entity;
			sourceTree = "<group>";
		};
		40BE93BA2A8416C30081BFDA /* Presenter */ = {
			isa = PBXGroup;
			children = (
				40BE93CA2A8424DB0081BFDA /* HomePresenter.swift */,
			);
			path = Presenter;
			sourceTree = "<group>";
		};
		40BE93BB2A8416D40081BFDA /* Interactor */ = {
			isa = PBXGroup;
			children = (
				40BE93C82A8424CC0081BFDA /* HomeInteractor.swift */,
				40406AAA2A8B1F2D00F3AD23 /* ExternalDataManager */,
				40406AA82A8B1F0800F3AD23 /* InternalDataManager */,
			);
			path = Interactor;
			sourceTree = "<group>";
		};
		40BE93BC2A8416DD0081BFDA /* View */ = {
			isa = PBXGroup;
			children = (
				40BE93C02A84176B0081BFDA /* HomeViewController.swift */,
				40BE93C12A84176B0081BFDA /* HomeViewController.xib */,
				40BE93CF2A8427C30081BFDA /* HomeCollectionViewCell.swift */,
				40BE93D02A8427C30081BFDA /* HomeCollectionViewCell.xib */,
			);
			path = View;
			sourceTree = "<group>";
		};
		40BE93BD2A8416E90081BFDA /* Protocols */ = {
			isa = PBXGroup;
			children = (
				40BE93BE2A84172E0081BFDA /* HomeProtocols.swift */,
			);
			path = Protocols;
			sourceTree = "<group>";
		};
		40C6BD362A8C89F400DDAF0B /* StartModule */ = {
			isa = PBXGroup;
			children = (
				40C6BD3D2A8D3FC700DDAF0B /* StartModuleInteractor.swift */,
				40C6BD3B2A8D3F5F00DDAF0B /* StartModulePresenter.swift */,
				40C6BD392A8D3E5600DDAF0B /* StartRouter.swift */,
				40C6BD372A8D3E2600DDAF0B /* StartProtocols.swift */,
				40C6BD492A8D4C1C00DDAF0B /* StartModuleVC.swift */,
				40C6BD4A2A8D4C1C00DDAF0B /* StartModuleVC.xib */,
			);
			path = StartModule;
			sourceTree = "<group>";
		};
		40C6BD4D2A8D5A2900DDAF0B /* HomeModule */ = {
			isa = PBXGroup;
			children = (
				40C6BD522A8D5A7100DDAF0B /* HomeModuleInteractor.swift */,
				40C6BD542A8D5A8400DDAF0B /* HomeModulePresenter.swift */,
				40C6BD562A8D5A9200DDAF0B /* HomeModuleRouter.swift */,
				40C6BD582A8D5AA500DDAF0B /* HomeModuleEntity.swift */,
				40C6BD5A2A8D5AB500DDAF0B /* HomeModuleProtocols.swift */,
				40C6BD5C2A8D683100DDAF0B /* HomeModuleVC.swift */,
				40C6BD5D2A8D683100DDAF0B /* HomeModuleVC.xib */,
			);
			path = HomeModule;
			sourceTree = "<group>";
		};
/* End PBXGroup section */

/* Begin PBXNativeTarget section */
		40BE938A2A83F0820081BFDA /* PoKemonApp */ = {
			isa = PBXNativeTarget;
			buildConfigurationList = 40BE939F2A83F0830081BFDA /* Build configuration list for PBXNativeTarget "PoKemonApp" */;
			buildPhases = (
				40BE93872A83F0820081BFDA /* Sources */,
				40BE93882A83F0820081BFDA /* Frameworks */,
				40BE93892A83F0820081BFDA /* Resources */,
			);
			buildRules = (
			);
			dependencies = (
			);
			name = PoKemonApp;
			productName = PoKemonApp;
			productReference = 40BE938B2A83F0820081BFDA /* PoKemonApp.app */;
			productType = "com.apple.product-type.application";
		};
/* End PBXNativeTarget section */

/* Begin PBXProject section */
		40BE93832A83F0820081BFDA /* Project object */ = {
			isa = PBXProject;
			attributes = {
				BuildIndependentTargetsInParallel = 1;
				LastSwiftUpdateCheck = 1430;
				LastUpgradeCheck = 1430;
				TargetAttributes = {
					40BE938A2A83F0820081BFDA = {
						CreatedOnToolsVersion = 14.3.1;
					};
				};
			};
			buildConfigurationList = 40BE93862A83F0820081BFDA /* Build configuration list for PBXProject "PoKemonApp" */;
			compatibilityVersion = "Xcode 14.0";
			developmentRegion = en;
			hasScannedForEncodings = 0;
			knownRegions = (
				en,
				Base,
			);
			mainGroup = 40BE93822A83F0820081BFDA;
			productRefGroup = 40BE938C2A83F0820081BFDA /* Products */;
			projectDirPath = "";
			projectRoot = "";
			targets = (
				40BE938A2A83F0820081BFDA /* PoKemonApp */,
			);
		};
/* End PBXProject section */

/* Begin PBXResourcesBuildPhase section */
		40BE93892A83F0820081BFDA /* Resources */ = {
			isa = PBXResourcesBuildPhase;
			buildActionMask = 2147483647;
			files = (
				40BE939B2A83F0830081BFDA /* LaunchScreen.storyboard in Resources */,
				40C6BD5F2A8D683100DDAF0B /* HomeModuleVC.xib in Resources */,
				40C6BD4C2A8D4C1C00DDAF0B /* StartModuleVC.xib in Resources */,
				40BE93D22A8427C30081BFDA /* HomeCollectionViewCell.xib in Resources */,
				40BE93C32A84176B0081BFDA /* HomeViewController.xib in Resources */,
				40BE93982A83F0830081BFDA /* Assets.xcassets in Resources */,
				40BE93962A83F0820081BFDA /* Main.storyboard in Resources */,
			);
			runOnlyForDeploymentPostprocessing = 0;
		};
/* End PBXResourcesBuildPhase section */

/* Begin PBXSourcesBuildPhase section */
		40BE93872A83F0820081BFDA /* Sources */ = {
			isa = PBXSourcesBuildPhase;
			buildActionMask = 2147483647;
			files = (
				40C6BD3C2A8D3F5F00DDAF0B /* StartModulePresenter.swift in Sources */,
				40C6BD5B2A8D5AB500DDAF0B /* HomeModuleProtocols.swift in Sources */,
				40BE93932A83F0820081BFDA /* ViewController.swift in Sources */,
				40406AAE2A8B1F7800F3AD23 /* HomeInternalDataManager.swift in Sources */,
				40BE93C92A8424CC0081BFDA /* HomeInteractor.swift in Sources */,
				40C6BD592A8D5AA500DDAF0B /* HomeModuleEntity.swift in Sources */,
				40C6BD3E2A8D3FC700DDAF0B /* StartModuleInteractor.swift in Sources */,
				40BE93BF2A84172E0081BFDA /* HomeProtocols.swift in Sources */,
				40BE93C22A84176B0081BFDA /* HomeViewController.swift in Sources */,
				40BE93D12A8427C30081BFDA /* HomeCollectionViewCell.swift in Sources */,
				40C6BD4B2A8D4C1C00DDAF0B /* StartModuleVC.swift in Sources */,
				40C6BD552A8D5A8400DDAF0B /* HomeModulePresenter.swift in Sources */,
				40C6BD382A8D3E2600DDAF0B /* StartProtocols.swift in Sources */,
				40BE93A72A83F0F80081BFDA /* BaseViewController.swift in Sources */,
				40406AAC2A8B1F4D00F3AD23 /* HomeExternalDataManager.swift in Sources */,
				40BE93CE2A8424F40081BFDA /* HomeRouter.swift in Sources */,
				40C6BD3A2A8D3E5600DDAF0B /* StartRouter.swift in Sources */,
				40BE93CB2A8424DB0081BFDA /* HomePresenter.swift in Sources */,
				40C6BD532A8D5A7100DDAF0B /* HomeModuleInteractor.swift in Sources */,
				40BE938F2A83F0820081BFDA /* AppDelegate.swift in Sources */,
				40BE93912A83F0820081BFDA /* SceneDelegate.swift in Sources */,
				40C6BD572A8D5A9300DDAF0B /* HomeModuleRouter.swift in Sources */,
				40C6BD5E2A8D683100DDAF0B /* HomeModuleVC.swift in Sources */,
				40406AA72A8757F900F3AD23 /* HomeEntity.swift in Sources */,
			);
			runOnlyForDeploymentPostprocessing = 0;
		};
/* End PBXSourcesBuildPhase section */

/* Begin PBXVariantGroup section */
		40BE93942A83F0820081BFDA /* Main.storyboard */ = {
			isa = PBXVariantGroup;
			children = (
				40BE93952A83F0820081BFDA /* Base */,
			);
			name = Main.storyboard;
			sourceTree = "<group>";
		};
		40BE93992A83F0830081BFDA /* LaunchScreen.storyboard */ = {
			isa = PBXVariantGroup;
			children = (
				40BE939A2A83F0830081BFDA /* Base */,
			);
			name = LaunchScreen.storyboard;
			sourceTree = "<group>";
		};
/* End PBXVariantGroup section */

/* Begin XCBuildConfiguration section */
		40BE939D2A83F0830081BFDA /* Debug */ = {
			isa = XCBuildConfiguration;
			buildSettings = {
				ALWAYS_SEARCH_USER_PATHS = NO;
				CLANG_ANALYZER_NONNULL = YES;
				CLANG_ANALYZER_NUMBER_OBJECT_CONVERSION = YES_AGGRESSIVE;
				CLANG_CXX_LANGUAGE_STANDARD = "gnu++20";
				CLANG_ENABLE_MODULES = YES;
				CLANG_ENABLE_OBJC_ARC = YES;
				CLANG_ENABLE_OBJC_WEAK = YES;
				CLANG_WARN_BLOCK_CAPTURE_AUTORELEASING = YES;
				CLANG_WARN_BOOL_CONVERSION = YES;
				CLANG_WARN_COMMA = YES;
				CLANG_WARN_CONSTANT_CONVERSION = YES;
				CLANG_WARN_DEPRECATED_OBJC_IMPLEMENTATIONS = YES;
				CLANG_WARN_DIRECT_OBJC_ISA_USAGE = YES_ERROR;
				CLANG_WARN_DOCUMENTATION_COMMENTS = YES;
				CLANG_WARN_EMPTY_BODY = YES;
				CLANG_WARN_ENUM_CONVERSION = YES;
				CLANG_WARN_INFINITE_RECURSION = YES;
				CLANG_WARN_INT_CONVERSION = YES;
				CLANG_WARN_NON_LITERAL_NULL_CONVERSION = YES;
				CLANG_WARN_OBJC_IMPLICIT_RETAIN_SELF = YES;
				CLANG_WARN_OBJC_LITERAL_CONVERSION = YES;
				CLANG_WARN_OBJC_ROOT_CLASS = YES_ERROR;
				CLANG_WARN_QUOTED_INCLUDE_IN_FRAMEWORK_HEADER = YES;
				CLANG_WARN_RANGE_LOOP_ANALYSIS = YES;
				CLANG_WARN_STRICT_PROTOTYPES = YES;
				CLANG_WARN_SUSPICIOUS_MOVE = YES;
				CLANG_WARN_UNGUARDED_AVAILABILITY = YES_AGGRESSIVE;
				CLANG_WARN_UNREACHABLE_CODE = YES;
				CLANG_WARN__DUPLICATE_METHOD_MATCH = YES;
				COPY_PHASE_STRIP = NO;
				DEBUG_INFORMATION_FORMAT = dwarf;
				ENABLE_STRICT_OBJC_MSGSEND = YES;
				ENABLE_TESTABILITY = YES;
				GCC_C_LANGUAGE_STANDARD = gnu11;
				GCC_DYNAMIC_NO_PIC = NO;
				GCC_NO_COMMON_BLOCKS = YES;
				GCC_OPTIMIZATION_LEVEL = 0;
				GCC_PREPROCESSOR_DEFINITIONS = (
					"DEBUG=1",
					"$(inherited)",
				);
				GCC_WARN_64_TO_32_BIT_CONVERSION = YES;
				GCC_WARN_ABOUT_RETURN_TYPE = YES_ERROR;
				GCC_WARN_UNDECLARED_SELECTOR = YES;
				GCC_WARN_UNINITIALIZED_AUTOS = YES_AGGRESSIVE;
				GCC_WARN_UNUSED_FUNCTION = YES;
				GCC_WARN_UNUSED_VARIABLE = YES;
				IPHONEOS_DEPLOYMENT_TARGET = 16.4;
				MTL_ENABLE_DEBUG_INFO = INCLUDE_SOURCE;
				MTL_FAST_MATH = YES;
				ONLY_ACTIVE_ARCH = YES;
				SDKROOT = iphoneos;
				SWIFT_ACTIVE_COMPILATION_CONDITIONS = DEBUG;
				SWIFT_OPTIMIZATION_LEVEL = "-Onone";
			};
			name = Debug;
		};
		40BE939E2A83F0830081BFDA /* Release */ = {
			isa = XCBuildConfiguration;
			buildSettings = {
				ALWAYS_SEARCH_USER_PATHS = NO;
				CLANG_ANALYZER_NONNULL = YES;
				CLANG_ANALYZER_NUMBER_OBJECT_CONVERSION = YES_AGGRESSIVE;
				CLANG_CXX_LANGUAGE_STANDARD = "gnu++20";
				CLANG_ENABLE_MODULES = YES;
				CLANG_ENABLE_OBJC_ARC = YES;
				CLANG_ENABLE_OBJC_WEAK = YES;
				CLANG_WARN_BLOCK_CAPTURE_AUTORELEASING = YES;
				CLANG_WARN_BOOL_CONVERSION = YES;
				CLANG_WARN_COMMA = YES;
				CLANG_WARN_CONSTANT_CONVERSION = YES;
				CLANG_WARN_DEPRECATED_OBJC_IMPLEMENTATIONS = YES;
				CLANG_WARN_DIRECT_OBJC_ISA_USAGE = YES_ERROR;
				CLANG_WARN_DOCUMENTATION_COMMENTS = YES;
				CLANG_WARN_EMPTY_BODY = YES;
				CLANG_WARN_ENUM_CONVERSION = YES;
				CLANG_WARN_INFINITE_RECURSION = YES;
				CLANG_WARN_INT_CONVERSION = YES;
				CLANG_WARN_NON_LITERAL_NULL_CONVERSION = YES;
				CLANG_WARN_OBJC_IMPLICIT_RETAIN_SELF = YES;
				CLANG_WARN_OBJC_LITERAL_CONVERSION = YES;
				CLANG_WARN_OBJC_ROOT_CLASS = YES_ERROR;
				CLANG_WARN_QUOTED_INCLUDE_IN_FRAMEWORK_HEADER = YES;
				CLANG_WARN_RANGE_LOOP_ANALYSIS = YES;
				CLANG_WARN_STRICT_PROTOTYPES = YES;
				CLANG_WARN_SUSPICIOUS_MOVE = YES;
				CLANG_WARN_UNGUARDED_AVAILABILITY = YES_AGGRESSIVE;
				CLANG_WARN_UNREACHABLE_CODE = YES;
				CLANG_WARN__DUPLICATE_METHOD_MATCH = YES;
				COPY_PHASE_STRIP = NO;
				DEBUG_INFORMATION_FORMAT = "dwarf-with-dsym";
				ENABLE_NS_ASSERTIONS = NO;
				ENABLE_STRICT_OBJC_MSGSEND = YES;
				GCC_C_LANGUAGE_STANDARD = gnu11;
				GCC_NO_COMMON_BLOCKS = YES;
				GCC_WARN_64_TO_32_BIT_CONVERSION = YES;
				GCC_WARN_ABOUT_RETURN_TYPE = YES_ERROR;
				GCC_WARN_UNDECLARED_SELECTOR = YES;
				GCC_WARN_UNINITIALIZED_AUTOS = YES_AGGRESSIVE;
				GCC_WARN_UNUSED_FUNCTION = YES;
				GCC_WARN_UNUSED_VARIABLE = YES;
				IPHONEOS_DEPLOYMENT_TARGET = 16.4;
				MTL_ENABLE_DEBUG_INFO = NO;
				MTL_FAST_MATH = YES;
				SDKROOT = iphoneos;
				SWIFT_COMPILATION_MODE = wholemodule;
				SWIFT_OPTIMIZATION_LEVEL = "-O";
				VALIDATE_PRODUCT = YES;
			};
			name = Release;
		};
		40BE93A02A83F0830081BFDA /* Debug */ = {
			isa = XCBuildConfiguration;
			buildSettings = {
				ASSETCATALOG_COMPILER_APPICON_NAME = AppIcon;
				ASSETCATALOG_COMPILER_GLOBAL_ACCENT_COLOR_NAME = AccentColor;
				CODE_SIGN_STYLE = Automatic;
				CURRENT_PROJECT_VERSION = 1;
				GENERATE_INFOPLIST_FILE = YES;
				INFOPLIST_FILE = PoKemonApp/Info.plist;
				INFOPLIST_KEY_UIApplicationSupportsIndirectInputEvents = YES;
				INFOPLIST_KEY_UILaunchStoryboardName = LaunchScreen;
				INFOPLIST_KEY_UIMainStoryboardFile = Main;
				INFOPLIST_KEY_UISupportedInterfaceOrientations_iPad = "UIInterfaceOrientationPortrait UIInterfaceOrientationPortraitUpsideDown UIInterfaceOrientationLandscapeLeft UIInterfaceOrientationLandscapeRight";
				INFOPLIST_KEY_UISupportedInterfaceOrientations_iPhone = "UIInterfaceOrientationPortrait UIInterfaceOrientationLandscapeLeft UIInterfaceOrientationLandscapeRight";
				LD_RUNPATH_SEARCH_PATHS = (
					"$(inherited)",
					"@executable_path/Frameworks",
				);
				MARKETING_VERSION = 1.0;
				PRODUCT_BUNDLE_IDENTIFIER = MickMedina.PoKemonApp;
				PRODUCT_NAME = "$(TARGET_NAME)";
				SWIFT_EMIT_LOC_STRINGS = YES;
				SWIFT_VERSION = 5.0;
				TARGETED_DEVICE_FAMILY = "1,2";
			};
			name = Debug;
		};
		40BE93A12A83F0830081BFDA /* Release */ = {
			isa = XCBuildConfiguration;
			buildSettings = {
				ASSETCATALOG_COMPILER_APPICON_NAME = AppIcon;
				ASSETCATALOG_COMPILER_GLOBAL_ACCENT_COLOR_NAME = AccentColor;
				CODE_SIGN_STYLE = Automatic;
				CURRENT_PROJECT_VERSION = 1;
				GENERATE_INFOPLIST_FILE = YES;
				INFOPLIST_FILE = PoKemonApp/Info.plist;
				INFOPLIST_KEY_UIApplicationSupportsIndirectInputEvents = YES;
				INFOPLIST_KEY_UILaunchStoryboardName = LaunchScreen;
				INFOPLIST_KEY_UIMainStoryboardFile = Main;
				INFOPLIST_KEY_UISupportedInterfaceOrientations_iPad = "UIInterfaceOrientationPortrait UIInterfaceOrientationPortraitUpsideDown UIInterfaceOrientationLandscapeLeft UIInterfaceOrientationLandscapeRight";
				INFOPLIST_KEY_UISupportedInterfaceOrientations_iPhone = "UIInterfaceOrientationPortrait UIInterfaceOrientationLandscapeLeft UIInterfaceOrientationLandscapeRight";
				LD_RUNPATH_SEARCH_PATHS = (
					"$(inherited)",
					"@executable_path/Frameworks",
				);
				MARKETING_VERSION = 1.0;
				PRODUCT_BUNDLE_IDENTIFIER = MickMedina.PoKemonApp;
				PRODUCT_NAME = "$(TARGET_NAME)";
				SWIFT_EMIT_LOC_STRINGS = YES;
				SWIFT_VERSION = 5.0;
				TARGETED_DEVICE_FAMILY = "1,2";
			};
			name = Release;
		};
/* End XCBuildConfiguration section */

/* Begin XCConfigurationList section */
		40BE93862A83F0820081BFDA /* Build configuration list for PBXProject "PoKemonApp" */ = {
			isa = XCConfigurationList;
			buildConfigurations = (
				40BE939D2A83F0830081BFDA /* Debug */,
				40BE939E2A83F0830081BFDA /* Release */,
			);
			defaultConfigurationIsVisible = 0;
			defaultConfigurationName = Release;
		};
		40BE939F2A83F0830081BFDA /* Build configuration list for PBXNativeTarget "PoKemonApp" */ = {
			isa = XCConfigurationList;
			buildConfigurations = (
				40BE93A02A83F0830081BFDA /* Debug */,
				40BE93A12A83F0830081BFDA /* Release */,
			);
			defaultConfigurationIsVisible = 0;
			defaultConfigurationName = Release;
		};
/* End XCConfigurationList section */
	};
	rootObject = 40BE93832A83F0820081BFDA /* Project object */;
}
